
Microsoft Visual Studio Solution File, Format Version 12.00
# Visual Studio Version 17
VisualStudioVersion = 17.2.32519.379
MinimumVisualStudioVersion = 10.0.40219.1
Project("{9A19103F-16F7-4668-BE54-9A1E7A4F7556}") = "DestallMaterials.WheelProtection.Queues", "DestallPackages.WheelProtection.Queues\DestallMaterials.WheelProtection.Queues.csproj", "{371A1996-C791-4389-93AE-AFFEEC647301}"
EndProject
Project("{9A19103F-16F7-4668-BE54-9A1E7A4F7556}") = "DestallMaterials.WheelProtection.Extensions", "DestallPackages.WheelProtection.Extensions\DestallMaterials.WheelProtection.Extensions.csproj", "{244F4C61-533D-4007-9CD7-108EFAED7A0D}"
EndProject
Project("{9A19103F-16F7-4668-BE54-9A1E7A4F7556}") = "DestallMaterials.Tests", "DestallMaterials.Tests\DestallMaterials.Tests.csproj", "{90107A05-0F30-49EA-AB12-4515E41B55CD}"
EndProject
Project("{9A19103F-16F7-4668-BE54-9A1E7A4F7556}") = "TestAsConsoler", "TestAsConsoler\TestAsConsoler.csproj", "{F3CC3774-C43D-4B36-A6AD-503435347678}"
EndProject
Project("{2150E333-8FDC-42A3-9474-1A3956D46DE8}") = "CodeGeneration", "CodeGeneration", "{FBF06A7C-DD83-4257-B012-CF37A8CA12AF}"
EndProject
Project("{9A19103F-16F7-4668-BE54-9A1E7A4F7556}") = "DestallMaterials.CodeGeneration", "DestallMaterials.CodeGeneration\DestallMaterials.CodeGeneration.csproj", "{FCE55518-4A9A-4D55-95E4-700F0EF34AF9}"
EndProject
Project("{2150E333-8FDC-42A3-9474-1A3956D46DE8}") = "Utilities", "Utilities", "{023EFA56-3D87-402E-A854-2D74FE19A4E2}"
EndProject
Project("{9A19103F-16F7-4668-BE54-9A1E7A4F7556}") = "TestComponents", "TestComponents\TestComponents.csproj", "{ACA82F46-B748-4051-AC99-4B85B45978D6}"
EndProject
Project("{9A19103F-16F7-4668-BE54-9A1E7A4F7556}") = "CodeGenerationTests", "CodeGenerationTests\CodeGenerationTests.csproj", "{9AD5C986-E441-47EA-9386-84DEBE274655}"
EndProject
Project("{2150E333-8FDC-42A3-9474-1A3956D46DE8}") = "Blazor", "Blazor", "{F1780A35-75A9-47EB-A195-A1B7349E9057}"
EndProject
Project("{9A19103F-16F7-4668-BE54-9A1E7A4F7556}") = "DestallMaterials.Blazor", "DestallMaterials.Blazor.Components\DestallMaterials.Blazor.csproj", "{DA8AEA36-B559-4697-8122-91C69325D38D}"
EndProject
Project("{9A19103F-16F7-4668-BE54-9A1E7A4F7556}") = "DestallMaterials.WheelProtection.DataStructures", "DestallMaterials.DataStructures\DestallMaterials.WheelProtection.DataStructures.csproj", "{40C599D5-792D-438B-A80A-337B356F2B09}"
EndProject
Project("{9A19103F-16F7-4668-BE54-9A1E7A4F7556}") = "DestallMaterials.FileManager.Interface", "DestallMaterials.FileManager.Interface\DestallMaterials.FileManager.Interface.csproj", "{3E78CDD1-DE82-4F71-9AF1-48139925087F}"
EndProject
Project("{9A19103F-16F7-4668-BE54-9A1E7A4F7556}") = "MyApplication", "VisualTests\MyApplication.csproj", "{3C37E01F-C2A3-4F91-9325-0148B11495C6}"
EndProject
Global
	GlobalSection(SolutionConfigurationPlatforms) = preSolution
		Debug|Any CPU = Debug|Any CPU
		Release|Any CPU = Release|Any CPU
	EndGlobalSection
	GlobalSection(ProjectConfigurationPlatforms) = postSolution
		{371A1996-C791-4389-93AE-AFFEEC647301}.Debug|Any CPU.ActiveCfg = Debug|Any CPU
		{371A1996-C791-4389-93AE-AFFEEC647301}.Debug|Any CPU.Build.0 = Debug|Any CPU
		{371A1996-C791-4389-93AE-AFFEEC647301}.Release|Any CPU.ActiveCfg = Release|Any CPU
		{371A1996-C791-4389-93AE-AFFEEC647301}.Release|Any CPU.Build.0 = Release|Any CPU
		{244F4C61-533D-4007-9CD7-108EFAED7A0D}.Debug|Any CPU.ActiveCfg = Debug|Any CPU
		{244F4C61-533D-4007-9CD7-108EFAED7A0D}.Debug|Any CPU.Build.0 = Debug|Any CPU
		{244F4C61-533D-4007-9CD7-108EFAED7A0D}.Release|Any CPU.ActiveCfg = Release|Any CPU
		{244F4C61-533D-4007-9CD7-108EFAED7A0D}.Release|Any CPU.Build.0 = Release|Any CPU
		{90107A05-0F30-49EA-AB12-4515E41B55CD}.Debug|Any CPU.ActiveCfg = Debug|Any CPU
		{90107A05-0F30-49EA-AB12-4515E41B55CD}.Debug|Any CPU.Build.0 = Debug|Any CPU
		{90107A05-0F30-49EA-AB12-4515E41B55CD}.Release|Any CPU.ActiveCfg = Release|Any CPU
		{90107A05-0F30-49EA-AB12-4515E41B55CD}.Release|Any CPU.Build.0 = Release|Any CPU
		{F3CC3774-C43D-4B36-A6AD-503435347678}.Debug|Any CPU.ActiveCfg = Debug|Any CPU
		{F3CC3774-C43D-4B36-A6AD-503435347678}.Debug|Any CPU.Build.0 = Debug|Any CPU
		{F3CC3774-C43D-4B36-A6AD-503435347678}.Release|Any CPU.ActiveCfg = Release|Any CPU
		{F3CC3774-C43D-4B36-A6AD-503435347678}.Release|Any CPU.Build.0 = Release|Any CPU
		{FCE55518-4A9A-4D55-95E4-700F0EF34AF9}.Debug|Any CPU.ActiveCfg = Debug|Any CPU
		{FCE55518-4A9A-4D55-95E4-700F0EF34AF9}.Debug|Any CPU.Build.0 = Debug|Any CPU
		{FCE55518-4A9A-4D55-95E4-700F0EF34AF9}.Release|Any CPU.ActiveCfg = Release|Any CPU
		{FCE55518-4A9A-4D55-95E4-700F0EF34AF9}.Release|Any CPU.Build.0 = Release|Any CPU
		{ACA82F46-B748-4051-AC99-4B85B45978D6}.Debug|Any CPU.ActiveCfg = Debug|Any CPU
		{ACA82F46-B748-4051-AC99-4B85B45978D6}.Debug|Any CPU.Build.0 = Debug|Any CPU
		{ACA82F46-B748-4051-AC99-4B85B45978D6}.Release|Any CPU.ActiveCfg = Release|Any CPU
		{ACA82F46-B748-4051-AC99-4B85B45978D6}.Release|Any CPU.Build.0 = Release|Any CPU
		{9AD5C986-E441-47EA-9386-84DEBE274655}.Debug|Any CPU.ActiveCfg = Debug|Any CPU
		{9AD5C986-E441-47EA-9386-84DEBE274655}.Debug|Any CPU.Build.0 = Debug|Any CPU
		{9AD5C986-E441-47EA-9386-84DEBE274655}.Release|Any CPU.ActiveCfg = Release|Any CPU
		{9AD5C986-E441-47EA-9386-84DEBE274655}.Release|Any CPU.Build.0 = Release|Any CPU
		{DA8AEA36-B559-4697-8122-91C69325D38D}.Debug|Any CPU.ActiveCfg = Debug|Any CPU
		{DA8AEA36-B559-4697-8122-91C69325D38D}.Debug|Any CPU.Build.0 = Debug|Any CPU
		{DA8AEA36-B559-4697-8122-91C69325D38D}.Release|Any CPU.ActiveCfg = Release|Any CPU
		{DA8AEA36-B559-4697-8122-91C69325D38D}.Release|Any CPU.Build.0 = Release|Any CPU
		{40C599D5-792D-438B-A80A-337B356F2B09}.Debug|Any CPU.ActiveCfg = Debug|Any CPU
		{40C599D5-792D-438B-A80A-337B356F2B09}.Debug|Any CPU.Build.0 = Debug|Any CPU
		{40C599D5-792D-438B-A80A-337B356F2B09}.Release|Any CPU.ActiveCfg = Release|Any CPU
		{40C599D5-792D-438B-A80A-337B356F2B09}.Release|Any CPU.Build.0 = Release|Any CPU
		{3E78CDD1-DE82-4F71-9AF1-48139925087F}.Debug|Any CPU.ActiveCfg = Debug|Any CPU
		{3E78CDD1-DE82-4F71-9AF1-48139925087F}.Debug|Any CPU.Build.0 = Debug|Any CPU
		{3E78CDD1-DE82-4F71-9AF1-48139925087F}.Release|Any CPU.ActiveCfg = Release|Any CPU
		{3E78CDD1-DE82-4F71-9AF1-48139925087F}.Release|Any CPU.Build.0 = Release|Any CPU
		{3C37E01F-C2A3-4F91-9325-0148B11495C6}.Debug|Any CPU.ActiveCfg = Debug|Any CPU
		{3C37E01F-C2A3-4F91-9325-0148B11495C6}.Debug|Any CPU.Build.0 = Debug|Any CPU
		{3C37E01F-C2A3-4F91-9325-0148B11495C6}.Release|Any CPU.ActiveCfg = Release|Any CPU
		{3C37E01F-C2A3-4F91-9325-0148B11495C6}.Release|Any CPU.Build.0 = Release|Any CPU
	EndGlobalSection
	GlobalSection(SolutionProperties) = preSolution
		HideSolutionNode = FALSE
	EndGlobalSection
	GlobalSection(NestedProjects) = preSolution
		{371A1996-C791-4389-93AE-AFFEEC647301} = {023EFA56-3D87-402E-A854-2D74FE19A4E2}
		{244F4C61-533D-4007-9CD7-108EFAED7A0D} = {023EFA56-3D87-402E-A854-2D74FE19A4E2}
		{90107A05-0F30-49EA-AB12-4515E41B55CD} = {023EFA56-3D87-402E-A854-2D74FE19A4E2}
		{F3CC3774-C43D-4B36-A6AD-503435347678} = {023EFA56-3D87-402E-A854-2D74FE19A4E2}
		{FCE55518-4A9A-4D55-95E4-700F0EF34AF9} = {FBF06A7C-DD83-4257-B012-CF37A8CA12AF}
		{ACA82F46-B748-4051-AC99-4B85B45978D6} = {FBF06A7C-DD83-4257-B012-CF37A8CA12AF}
		{9AD5C986-E441-47EA-9386-84DEBE274655} = {FBF06A7C-DD83-4257-B012-CF37A8CA12AF}
		{DA8AEA36-B559-4697-8122-91C69325D38D} = {F1780A35-75A9-47EB-A195-A1B7349E9057}
		{40C599D5-792D-438B-A80A-337B356F2B09} = {023EFA56-3D87-402E-A854-2D74FE19A4E2}
		{3E78CDD1-DE82-4F71-9AF1-48139925087F} = {023EFA56-3D87-402E-A854-2D74FE19A4E2}
		{3C37E01F-C2A3-4F91-9325-0148B11495C6} = {F1780A35-75A9-47EB-A195-A1B7349E9057}
	EndGlobalSection
	GlobalSection(ExtensibilityGlobals) = postSolution
		SolutionGuid = {F0F81FA6-ADDA-4AC5-A926-AC32F3A47ABD}
	EndGlobalSection
EndGlobal
