
Microsoft Visual Studio Solution File, Format Version 12.00
# Visual Studio Version 17
VisualStudioVersion = 17.0.31717.71
MinimumVisualStudioVersion = 10.0.40219.1
Project("{9A19103F-16F7-4668-BE54-9A1E7A4F7556}") = "MyApplication", "MyApplication.csproj", "{5CD4F670-1CC5-4341-93C5-DE33EFABC4C3}"
EndProject
Global
	GlobalSection(SolutionConfigurationPlatforms) = preSolution
		Debug|Any CPU = Debug|Any CPU
		Release|Any CPU = Release|Any CPU
	EndGlobalSection
	GlobalSection(ProjectConfigurationPlatforms) = postSolution
		{5CD4F670-1CC5-4341-93C5-DE33EFABC4C3}.Debug|Any CPU.ActiveCfg = Debug|Any CPU
		{5CD4F670-1CC5-4341-93C5-DE33EFABC4C3}.Debug|Any CPU.Build.0 = Debug|Any CPU
		{5CD4F670-1CC5-4341-93C5-DE33EFABC4C3}.Release|Any CPU.ActiveCfg = Release|Any CPU
		{5CD4F670-1CC5-4341-93C5-DE33EFABC4C3}.Release|Any CPU.Build.0 = Release|Any CPU
	EndGlobalSection
	GlobalSection(SolutionProperties) = preSolution
		HideSolutionNode = FALSE
	EndGlobalSection
	GlobalSection(ExtensibilityGlobals) = postSolution
		SolutionGuid = {76C5740B-668A-4641-A243-FDD95351B175}
	EndGlobalSection
EndGlobal